// !$*UTF8*$!
{
	archiveVersion = 1;
	classes = {
	};
	objectVersion = 77;
	objects = {

/* Begin PBXContainerItemProxy section */
		653B6D612EFAC4E1001FBE43 /* PBXContainerItemProxy */ = {
			isa = PBXContainerItemProxy;
			containerPortal = 653B6D4B2EFAC4E0001FBE43 /* Project object */;
			proxyType = 1;
			remoteGlobalIDString = 653B6D522EFAC4E0001FBE43;
			remoteInfo = "FitView-IOS";
		};
		653B6D6B2EFAC4E1001FBE43 /* PBXContainerItemProxy */ = {
			isa = PBXContainerItemProxy;
			containerPortal = 653B6D4B2EFAC4E0001FBE43 /* Project object */;
			proxyType = 1;
			remoteGlobalIDString = 653B6D522EFAC4E0001FBE43;
			remoteInfo = "FitView-IOS";
		};
/* End PBXContainerItemProxy section */

/* Begin PBXFileReference section */
		653B6D532EFAC4E0001FBE43 /* FitView-IOS.app */ = {isa = PBXFileReference; explicitFileType = wrapper.application; includeInIndex = 0; path = "FitView-IOS.app"; sourceTree = BUILT_PRODUCTS_DIR; };
		653B6D602EFAC4E1001FBE43 /* FitView-IOSTests.xctest */ = {isa = PBXFileReference; explicitFileType = wrapper.cfbundle; includeInIndex = 0; path = "FitView-IOSTests.xctest"; sourceTree = BUILT_PRODUCTS_DIR; };
		653B6D6A2EFAC4E1001FBE43 /* FitView-IOSUITests.xctest */ = {isa = PBXFileReference; explicitFileType = wrapper.cfbundle; includeInIndex = 0; path = "FitView-IOSUITests.xctest"; sourceTree = BUILT_PRODUCTS_DIR; };
/* End PBXFileReference section */

/* Begin PBXFileSystemSynchronizedRootGroup section */
		653B6D552EFAC4E0001FBE43 /* FitView-IOS */ = {
			isa = PBXFileSystemSynchronizedRootGroup;
			path = "FitView-IOS";
			sourceTree = "<group>";
		};
		653B6D632EFAC4E1001FBE43 /* FitView-IOSTests */ = {
			isa = PBXFileSystemSynchronizedRootGroup;
			path = "FitView-IOSTests";
			sourceTree = "<group>";
		};
		653B6D6D2EFAC4E1001FBE43 /* FitView-IOSUITests */ = {
			isa = PBXFileSystemSynchronizedRootGroup;
			path = "FitView-IOSUITests";
			sourceTree = "<group>";
		};
/* End PBXFileSystemSynchronizedRootGroup section */

/* Begin PBXFrameworksBuildPhase section */
		653B6D502EFAC4E0001FBE43 /* Frameworks */ = {
			isa = PBXFrameworksBuildPhase;
			buildActionMask = 2147483647;
			files = (
			);
			runOnlyForDeploymentPostprocessing = 0;
		};
		653B6D5D2EFAC4E1001FBE43 /* Frameworks */ = {
			isa = PBXFrameworksBuildPhase;
			buildActionMask = 2147483647;
			files = (
			);
			runOnlyForDeploymentPostprocessing = 0;
		};
		653B6D672EFAC4E1001FBE43 /* Frameworks */ = {
			isa = PBXFrameworksBuildPhase;
			buildActionMask = 2147483647;
			files = (
			);
			runOnlyForDeploymentPostprocessing = 0;
		};
/* End PBXFrameworksBuildPhase section */

/* Begin PBXGroup section */
		653B6D4A2EFAC4E0001FBE43 = {
			isa = PBXGroup;
			children = (
				653B6D552EFAC4E0001FBE43 /* FitView-IOS */,
				653B6D632EFAC4E1001FBE43 /* FitView-IOSTests */,
				653B6D6D2EFAC4E1001FBE43 /* FitView-IOSUITests */,
				653B6D542EFAC4E0001FBE43 /* Products */,
			);
			sourceTree = "<group>";
		};
		653B6D542EFAC4E0001FBE43 /* Products */ = {
			isa = PBXGroup;
			children = (
				653B6D532EFAC4E0001FBE43 /* FitView-IOS.app */,
				653B6D602EFAC4E1001FBE43 /* FitView-IOSTests.xctest */,
				653B6D6A2EFAC4E1001FBE43 /* FitView-IOSUITests.xctest */,
			);
			name = Products;
			sourceTree = "<group>";
		};
/* End PBXGroup section */

/* Begin PBXNativeTarget section */
		653B6D522EFAC4E0001FBE43 /* FitView-IOS */ = {
			isa = PBXNativeTarget;
			buildConfigurationList = 653B6D742EFAC4E1001FBE43 /* Build configuration list for PBXNativeTarget "FitView-IOS" */;
			buildPhases = (
				653B6D4F2EFAC4E0001FBE43 /* Sources */,
				653B6D502EFAC4E0001FBE43 /* Frameworks */,
				653B6D512EFAC4E0001FBE43 /* Resources */,
			);
			buildRules = (
			);
			dependencies = (
			);
			fileSystemSynchronizedGroups = (
				653B6D552EFAC4E0001FBE43 /* FitView-IOS */,
			);
			name = "FitView-IOS";
			packageProductDependencies = (
			);
			productName = "FitView-IOS";
			productReference = 653B6D532EFAC4E0001FBE43 /* FitView-IOS.app */;
			productType = "com.apple.product-type.application";
		};
		653B6D5F2EFAC4E1001FBE43 /* FitView-IOSTests */ = {
			isa = PBXNativeTarget;
			buildConfigurationList = 653B6D772EFAC4E1001FBE43 /* Build configuration list for PBXNativeTarget "FitView-IOSTests" */;
			buildPhases = (
				653B6D5C2EFAC4E1001FBE43 /* Sources */,
				653B6D5D2EFAC4E1001FBE43 /* Frameworks */,
				653B6D5E2EFAC4E1001FBE43 /* Resources */,
			);
			buildRules = (
			);
			dependencies = (
				653B6D622EFAC4E1001FBE43 /* PBXTargetDependency */,
			);
			fileSystemSynchronizedGroups = (
				653B6D632EFAC4E1001FBE43 /* FitView-IOSTests */,
			);
			name = "FitView-IOSTests";
			packageProductDependencies = (
			);
			productName = "FitView-IOSTests";
			productReference = 653B6D602EFAC4E1001FBE43 /* FitView-IOSTests.xctest */;
			productType = "com.apple.product-type.bundle.unit-test";
		};
		653B6D692EFAC4E1001FBE43 /* FitView-IOSUITests */ = {
			isa = PBXNativeTarget;
			buildConfigurationList = 653B6D7A2EFAC4E1001FBE43 /* Build configuration list for PBXNativeTarget "FitView-IOSUITests" */;
			buildPhases = (
				653B6D662EFAC4E1001FBE43 /* Sources */,
				653B6D672EFAC4E1001FBE43 /* Frameworks */,
				653B6D682EFAC4E1001FBE43 /* Resources */,
			);
			buildRules = (
			);
			dependencies = (
				653B6D6C2EFAC4E1001FBE43 /* PBXTargetDependency */,
			);
			fileSystemSynchronizedGroups = (
				653B6D6D2EFAC4E1001FBE43 /* FitView-IOSUITests */,
			);
			name = "FitView-IOSUITests";
			packageProductDependencies = (
			);
			productName = "FitView-IOSUITests";
			productReference = 653B6D6A2EFAC4E1001FBE43 /* FitView-IOSUITests.xctest */;
			productType = "com.apple.product-type.bundle.ui-testing";
		};
/* End PBXNativeTarget section */

/* Begin PBXProject section */
		653B6D4B2EFAC4E0001FBE43 /* Project object */ = {
			isa = PBXProject;
			attributes = {
				BuildIndependentTargetsInParallel = 1;
				LastSwiftUpdateCheck = 2620;
				LastUpgradeCheck = 2620;
				TargetAttributes = {
					653B6D522EFAC4E0001FBE43 = {
						CreatedOnToolsVersion = 26.2;
					};
					653B6D5F2EFAC4E1001FBE43 = {
						CreatedOnToolsVersion = 26.2;
						TestTargetID = 653B6D522EFAC4E0001FBE43;
					};
					653B6D692EFAC4E1001FBE43 = {
						CreatedOnToolsVersion = 26.2;
						TestTargetID = 653B6D522EFAC4E0001FBE43;
					};
				};
			};
			buildConfigurationList = 653B6D4E2EFAC4E0001FBE43 /* Build configuration list for PBXProject "FitView-IOS" */;
			developmentRegion = en;
			hasScannedForEncodings = 0;
			knownRegions = (
				en,
				Base,
			);
			mainGroup = 653B6D4A2EFAC4E0001FBE43;
			minimizedProjectReferenceProxies = 1;
			preferredProjectObjectVersion = 77;
			productRefGroup = 653B6D542EFAC4E0001FBE43 /* Products */;
			projectDirPath = "";
			projectRoot = "";
			targets = (
				653B6D522EFAC4E0001FBE43 /* FitView-IOS */,
				653B6D5F2EFAC4E1001FBE43 /* FitView-IOSTests */,
				653B6D692EFAC4E1001FBE43 /* FitView-IOSUITests */,
			);
		};
/* End PBXProject section */

/* Begin PBXResourcesBuildPhase section */
		653B6D512EFAC4E0001FBE43 /* Resources */ = {
			isa = PBXResourcesBuildPhase;
			buildActionMask = 2147483647;
			files = (
			);
			runOnlyForDeploymentPostprocessing = 0;
		};
		653B6D5E2EFAC4E1001FBE43 /* Resources */ = {
			isa = PBXResourcesBuildPhase;
			buildActionMask = 2147483647;
			files = (
			);
			runOnlyForDeploymentPostprocessing = 0;
		};
		653B6D682EFAC4E1001FBE43 /* Resources */ = {
			isa = PBXResourcesBuildPhase;
			buildActionMask = 2147483647;
			files = (
			);
			runOnlyForDeploymentPostprocessing = 0;
		};
/* End PBXResourcesBuildPhase section */

/* Begin PBXSourcesBuildPhase section */
		653B6D4F2EFAC4E0001FBE43 /* Sources */ = {
			isa = PBXSourcesBuildPhase;
			buildActionMask = 2147483647;
			files = (
			);
			runOnlyForDeploymentPostprocessing = 0;
		};
		653B6D5C2EFAC4E1001FBE43 /* Sources */ = {
			isa = PBXSourcesBuildPhase;
			buildActionMask = 2147483647;
			files = (
			);
			runOnlyForDeploymentPostprocessing = 0;
		};
		653B6D662EFAC4E1001FBE43 /* Sources */ = {
			isa = PBXSourcesBuildPhase;
			buildActionMask = 2147483647;
			files = (
			);
			runOnlyForDeploymentPostprocessing = 0;
		};
/* End PBXSourcesBuildPhase section */

/* Begin PBXTargetDependency section */
		653B6D622EFAC4E1001FBE43 /* PBXTargetDependency */ = {
			isa = PBXTargetDependency;
			target = 653B6D522EFAC4E0001FBE43 /* FitView-IOS */;
			targetProxy = 653B6D612EFAC4E1001FBE43 /* PBXContainerItemProxy */;
		};
		653B6D6C2EFAC4E1001FBE43 /* PBXTargetDependency */ = {
			isa = PBXTargetDependency;
			target = 653B6D522EFAC4E0001FBE43 /* FitView-IOS */;
			targetProxy = 653B6D6B2EFAC4E1001FBE43 /* PBXContainerItemProxy */;
		};
/* End PBXTargetDependency section */

/* Begin XCBuildConfiguration section */
		653B6D722EFAC4E1001FBE43 /* Debug */ = {
			isa = XCBuildConfiguration;
			buildSettings = {
				ALWAYS_SEARCH_USER_PATHS = NO;
				ASSETCATALOG_COMPILER_GENERATE_SWIFT_ASSET_SYMBOL_EXTENSIONS = YES;
				CLANG_ANALYZER_NONNULL = YES;
				CLANG_ANALYZER_NUMBER_OBJECT_CONVERSION = YES_AGGRESSIVE;
				CLANG_CXX_LANGUAGE_STANDARD = "gnu++20";
				CLANG_ENABLE_MODULES = YES;
				CLANG_ENABLE_OBJC_ARC = YES;
				CLANG_ENABLE_OBJC_WEAK = YES;
				CLANG_WARN_BLOCK_CAPTURE_AUTORELEASING = YES;
				CLANG_WARN_BOOL_CONVERSION = YES;
				CLANG_WARN_COMMA = YES;
				CLANG_WARN_CONSTANT_CONVERSION = YES;
				CLANG_WARN_DEPRECATED_OBJC_IMPLEMENTATIONS = YES;
				CLANG_WARN_DIRECT_OBJC_ISA_USAGE = YES_ERROR;
				CLANG_WARN_DOCUMENTATION_COMMENTS = YES;
				CLANG_WARN_EMPTY_BODY = YES;
				CLANG_WARN_ENUM_CONVERSION = YES;
				CLANG_WARN_INFINITE_RECURSION = YES;
				CLANG_WARN_INT_CONVERSION = YES;
				CLANG_WARN_NON_LITERAL_NULL_CONVERSION = YES;
				CLANG_WARN_OBJC_IMPLICIT_RETAIN_SELF = YES;
				CLANG_WARN_OBJC_LITERAL_CONVERSION = YES;
				CLANG_WARN_OBJC_ROOT_CLASS = YES_ERROR;
				CLANG_WARN_QUOTED_INCLUDE_IN_FRAMEWORK_HEADER = YES;
				CLANG_WARN_RANGE_LOOP_ANALYSIS = YES;
				CLANG_WARN_STRICT_PROTOTYPES = YES;
				CLANG_WARN_SUSPICIOUS_MOVE = YES;
				CLANG_WARN_UNGUARDED_AVAILABILITY = YES_AGGRESSIVE;
				CLANG_WARN_UNREACHABLE_CODE = YES;
				CLANG_WARN__DUPLICATE_METHOD_MATCH = YES;
				COPY_PHASE_STRIP = NO;
				DEBUG_INFORMATION_FORMAT = dwarf;
				ENABLE_STRICT_OBJC_MSGSEND = YES;
				ENABLE_TESTABILITY = YES;
				ENABLE_USER_SCRIPT_SANDBOXING = YES;
				GCC_C_LANGUAGE_STANDARD = gnu17;
				GCC_DYNAMIC_NO_PIC = NO;
				GCC_NO_COMMON_BLOCKS = YES;
				GCC_OPTIMIZATION_LEVEL = 0;
				GCC_PREPROCESSOR_DEFINITIONS = (
					"DEBUG=1",
					"$(inherited)",
				);
				GCC_WARN_64_TO_32_BIT_CONVERSION = YES;
				GCC_WARN_ABOUT_RETURN_TYPE = YES_ERROR;
				GCC_WARN_UNDECLARED_SELECTOR = YES;
				GCC_WARN_UNINITIALIZED_AUTOS = YES_AGGRESSIVE;
				GCC_WARN_UNUSED_FUNCTION = YES;
				GCC_WARN_UNUSED_VARIABLE = YES;
				IPHONEOS_DEPLOYMENT_TARGET = 26.2;
				LOCALIZATION_PREFERS_STRING_CATALOGS = YES;
				MTL_ENABLE_DEBUG_INFO = INCLUDE_SOURCE;
				MTL_FAST_MATH = YES;
				ONLY_ACTIVE_ARCH = YES;
				SDKROOT = iphoneos;
				SWIFT_ACTIVE_COMPILATION_CONDITIONS = "DEBUG $(inherited)";
				SWIFT_OPTIMIZATION_LEVEL = "-Onone";
			};
			name = Debug;
		};
		653B6D732EFAC4E1001FBE43 /* Release */ = {
			isa = XCBuildConfiguration;
			buildSettings = {
				ALWAYS_SEARCH_USER_PATHS = NO;
				ASSETCATALOG_COMPILER_GENERATE_SWIFT_ASSET_SYMBOL_EXTENSIONS = YES;
				CLANG_ANALYZER_NONNULL = YES;
				CLANG_ANALYZER_NUMBER_OBJECT_CONVERSION = YES_AGGRESSIVE;
				CLANG_CXX_LANGUAGE_STANDARD = "gnu++20";
				CLANG_ENABLE_MODULES = YES;
				CLANG_ENABLE_OBJC_ARC = YES;
				CLANG_ENABLE_OBJC_WEAK = YES;
				CLANG_WARN_BLOCK_CAPTURE_AUTORELEASING = YES;
				CLANG_WARN_BOOL_CONVERSION = YES;
				CLANG_WARN_COMMA = YES;
				CLANG_WARN_CONSTANT_CONVERSION = YES;
				CLANG_WARN_DEPRECATED_OBJC_IMPLEMENTATIONS = YES;
				CLANG_WARN_DIRECT_OBJC_ISA_USAGE = YES_ERROR;
				CLANG_WARN_DOCUMENTATION_COMMENTS = YES;
				CLANG_WARN_EMPTY_BODY = YES;
				CLANG_WARN_ENUM_CONVERSION = YES;
				CLANG_WARN_INFINITE_RECURSION = YES;
				CLANG_WARN_INT_CONVERSION = YES;
				CLANG_WARN_NON_LITERAL_NULL_CONVERSION = YES;
				CLANG_WARN_OBJC_IMPLICIT_RETAIN_SELF = YES;
				CLANG_WARN_OBJC_LITERAL_CONVERSION = YES;
				CLANG_WARN_OBJC_ROOT_CLASS = YES_ERROR;
				CLANG_WARN_QUOTED_INCLUDE_IN_FRAMEWORK_HEADER = YES;
				CLANG_WARN_RANGE_LOOP_ANALYSIS = YES;
				CLANG_WARN_STRICT_PROTOTYPES = YES;
				CLANG_WARN_SUSPICIOUS_MOVE = YES;
				CLANG_WARN_UNGUARDED_AVAILABILITY = YES_AGGRESSIVE;
				CLANG_WARN_UNREACHABLE_CODE = YES;
				CLANG_WARN__DUPLICATE_METHOD_MATCH = YES;
				COPY_PHASE_STRIP = NO;
				DEBUG_INFORMATION_FORMAT = "dwarf-with-dsym";
				ENABLE_NS_ASSERTIONS = NO;
				ENABLE_STRICT_OBJC_MSGSEND = YES;
				ENABLE_USER_SCRIPT_SANDBOXING = YES;
				GCC_C_LANGUAGE_STANDARD = gnu17;
				GCC_NO_COMMON_BLOCKS = YES;
				GCC_WARN_64_TO_32_BIT_CONVERSION = YES;
				GCC_WARN_ABOUT_RETURN_TYPE = YES_ERROR;
				GCC_WARN_UNDECLARED_SELECTOR = YES;
				GCC_WARN_UNINITIALIZED_AUTOS = YES_AGGRESSIVE;
				GCC_WARN_UNUSED_FUNCTION = YES;
				GCC_WARN_UNUSED_VARIABLE = YES;
				IPHONEOS_DEPLOYMENT_TARGET = 26.2;
				LOCALIZATION_PREFERS_STRING_CATALOGS = YES;
				MTL_ENABLE_DEBUG_INFO = NO;
				MTL_FAST_MATH = YES;
				SDKROOT = iphoneos;
				SWIFT_COMPILATION_MODE = wholemodule;
				VALIDATE_PRODUCT = YES;
			};
			name = Release;
		};
		653B6D752EFAC4E1001FBE43 /* Debug */ = {
			isa = XCBuildConfiguration;
			buildSettings = {
				ASSETCATALOG_COMPILER_APPICON_NAME = AppIcon;
				ASSETCATALOG_COMPILER_GLOBAL_ACCENT_COLOR_NAME = AccentColor;
				CODE_SIGN_STYLE = Automatic;
				CURRENT_PROJECT_VERSION = 1;
				ENABLE_PREVIEWS = YES;
				GENERATE_INFOPLIST_FILE = YES;
				INFOPLIST_KEY_UIApplicationSceneManifest_Generation = YES;
				INFOPLIST_KEY_UIApplicationSupportsIndirectInputEvents = YES;
				INFOPLIST_KEY_UILaunchScreen_Generation = YES;
				INFOPLIST_KEY_UISupportedInterfaceOrientations_iPad = "UIInterfaceOrientationPortrait UIInterfaceOrientationPortraitUpsideDown UIInterfaceOrientationLandscapeLeft UIInterfaceOrientationLandscapeRight";
				INFOPLIST_KEY_UISupportedInterfaceOrientations_iPhone = "UIInterfaceOrientationPortrait UIInterfaceOrientationLandscapeLeft UIInterfaceOrientationLandscapeRight";
				LD_RUNPATH_SEARCH_PATHS = (
					"$(inherited)",
					"@executable_path/Frameworks",
				);
				MARKETING_VERSION = 1.0;
				PRODUCT_BUNDLE_IDENTIFIER = "com.0xmonte.FitView-IOS";
				PRODUCT_NAME = "$(TARGET_NAME)";
				STRING_CATALOG_GENERATE_SYMBOLS = YES;
				SWIFT_APPROACHABLE_CONCURRENCY = YES;
				SWIFT_DEFAULT_ACTOR_ISOLATION = MainActor;
				SWIFT_EMIT_LOC_STRINGS = YES;
				SWIFT_UPCOMING_FEATURE_MEMBER_IMPORT_VISIBILITY = YES;
				SWIFT_VERSION = 5.0;
				TARGETED_DEVICE_FAMILY = "1,2";
			};
			name = Debug;
		};
		653B6D762EFAC4E1001FBE43 /* Release */ = {
			isa = XCBuildConfiguration;
			buildSettings = {
				ASSETCATALOG_COMPILER_APPICON_NAME = AppIcon;
				ASSETCATALOG_COMPILER_GLOBAL_ACCENT_COLOR_NAME = AccentColor;
				CODE_SIGN_STYLE = Automatic;
				CURRENT_PROJECT_VERSION = 1;
				ENABLE_PREVIEWS = YES;
				GENERATE_INFOPLIST_FILE = YES;
				INFOPLIST_KEY_UIApplicationSceneManifest_Generation = YES;
				INFOPLIST_KEY_UIApplicationSupportsIndirectInputEvents = YES;
				INFOPLIST_KEY_UILaunchScreen_Generation = YES;
				INFOPLIST_KEY_UISupportedInterfaceOrientations_iPad = "UIInterfaceOrientationPortrait UIInterfaceOrientationPortraitUpsideDown UIInterfaceOrientationLandscapeLeft UIInterfaceOrientationLandscapeRight";
				INFOPLIST_KEY_UISupportedInterfaceOrientations_iPhone = "UIInterfaceOrientationPortrait UIInterfaceOrientationLandscapeLeft UIInterfaceOrientationLandscapeRight";
				LD_RUNPATH_SEARCH_PATHS = (
					"$(inherited)",
					"@executable_path/Frameworks",
				);
				MARKETING_VERSION = 1.0;
				PRODUCT_BUNDLE_IDENTIFIER = "com.0xmonte.FitView-IOS";
				PRODUCT_NAME = "$(TARGET_NAME)";
				STRING_CATALOG_GENERATE_SYMBOLS = YES;
				SWIFT_APPROACHABLE_CONCURRENCY = YES;
				SWIFT_DEFAULT_ACTOR_ISOLATION = MainActor;
				SWIFT_EMIT_LOC_STRINGS = YES;
				SWIFT_UPCOMING_FEATURE_MEMBER_IMPORT_VISIBILITY = YES;
				SWIFT_VERSION = 5.0;
				TARGETED_DEVICE_FAMILY = "1,2";
			};
			name = Release;
		};
		653B6D782EFAC4E1001FBE43 /* Debug */ = {
			isa = XCBuildConfiguration;
			buildSettings = {
				BUNDLE_LOADER = "$(TEST_HOST)";
				CODE_SIGN_STYLE = Automatic;
				CURRENT_PROJECT_VERSION = 1;
				GENERATE_INFOPLIST_FILE = YES;
				IPHONEOS_DEPLOYMENT_TARGET = 26.2;
				MARKETING_VERSION = 1.0;
				PRODUCT_BUNDLE_IDENTIFIER = "com.0xmonte.FitView-IOSTests";
				PRODUCT_NAME = "$(TARGET_NAME)";
				STRING_CATALOG_GENERATE_SYMBOLS = NO;
				SWIFT_APPROACHABLE_CONCURRENCY = YES;
				SWIFT_EMIT_LOC_STRINGS = NO;
				SWIFT_UPCOMING_FEATURE_MEMBER_IMPORT_VISIBILITY = YES;
				SWIFT_VERSION = 5.0;
				TARGETED_DEVICE_FAMILY = "1,2";
				TEST_HOST = "$(BUILT_PRODUCTS_DIR)/FitView-IOS.app/$(BUNDLE_EXECUTABLE_FOLDER_PATH)/FitView-IOS";
			};
			name = Debug;
		};
		653B6D792EFAC4E1001FBE43 /* Release */ = {
			isa = XCBuildConfiguration;
			buildSettings = {
				BUNDLE_LOADER = "$(TEST_HOST)";
				CODE_SIGN_STYLE = Automatic;
				CURRENT_PROJECT_VERSION = 1;
				GENERATE_INFOPLIST_FILE = YES;
				IPHONEOS_DEPLOYMENT_TARGET = 26.2;
				MARKETING_VERSION = 1.0;
				PRODUCT_BUNDLE_IDENTIFIER = "com.0xmonte.FitView-IOSTests";
				PRODUCT_NAME = "$(TARGET_NAME)";
				STRING_CATALOG_GENERATE_SYMBOLS = NO;
				SWIFT_APPROACHABLE_CONCURRENCY = YES;
				SWIFT_EMIT_LOC_STRINGS = NO;
				SWIFT_UPCOMING_FEATURE_MEMBER_IMPORT_VISIBILITY = YES;
				SWIFT_VERSION = 5.0;
				TARGETED_DEVICE_FAMILY = "1,2";
				TEST_HOST = "$(BUILT_PRODUCTS_DIR)/FitView-IOS.app/$(BUNDLE_EXECUTABLE_FOLDER_PATH)/FitView-IOS";
			};
			name = Release;
		};
		653B6D7B2EFAC4E1001FBE43 /* Debug */ = {
			isa = XCBuildConfiguration;
			buildSettings = {
				CODE_SIGN_STYLE = Automatic;
				CURRENT_PROJECT_VERSION = 1;
				GENERATE_INFOPLIST_FILE = YES;
				MARKETING_VERSION = 1.0;
				PRODUCT_BUNDLE_IDENTIFIER = "com.0xmonte.FitView-IOSUITests";
				PRODUCT_NAME = "$(TARGET_NAME)";
				STRING_CATALOG_GENERATE_SYMBOLS = NO;
				SWIFT_APPROACHABLE_CONCURRENCY = YES;
				SWIFT_EMIT_LOC_STRINGS = NO;
				SWIFT_UPCOMING_FEATURE_MEMBER_IMPORT_VISIBILITY = YES;
				SWIFT_VERSION = 5.0;
				TARGETED_DEVICE_FAMILY = "1,2";
				TEST_TARGET_NAME = "FitView-IOS";
			};
			name = Debug;
		};
		653B6D7C2EFAC4E1001FBE43 /* Release */ = {
			isa = XCBuildConfiguration;
			buildSettings = {
				CODE_SIGN_STYLE = Automatic;
				CURRENT_PROJECT_VERSION = 1;
				GENERATE_INFOPLIST_FILE = YES;
				MARKETING_VERSION = 1.0;
				PRODUCT_BUNDLE_IDENTIFIER = "com.0xmonte.FitView-IOSUITests";
				PRODUCT_NAME = "$(TARGET_NAME)";
				STRING_CATALOG_GENERATE_SYMBOLS = NO;
				SWIFT_APPROACHABLE_CONCURRENCY = YES;
				SWIFT_EMIT_LOC_STRINGS = NO;
				SWIFT_UPCOMING_FEATURE_MEMBER_IMPORT_VISIBILITY = YES;
				SWIFT_VERSION = 5.0;
				TARGETED_DEVICE_FAMILY = "1,2";
				TEST_TARGET_NAME = "FitView-IOS";
			};
			name = Release;
		};
/* End XCBuildConfiguration section */

/* Begin XCConfigurationList section */
		653B6D4E2EFAC4E0001FBE43 /* Build configuration list for PBXProject "FitView-IOS" */ = {
			isa = XCConfigurationList;
			buildConfigurations = (
				653B6D722EFAC4E1001FBE43 /* Debug */,
				653B6D732EFAC4E1001FBE43 /* Release */,
			);
			defaultConfigurationIsVisible = 0;
			defaultConfigurationName = Release;
		};
		653B6D742EFAC4E1001FBE43 /* Build configuration list for PBXNativeTarget "FitView-IOS" */ = {
			isa = XCConfigurationList;
			buildConfigurations = (
				653B6D752EFAC4E1001FBE43 /* Debug */,
				653B6D762EFAC4E1001FBE43 /* Release */,
			);
			defaultConfigurationIsVisible = 0;
			defaultConfigurationName = Release;
		};
		653B6D772EFAC4E1001FBE43 /* Build configuration list for PBXNativeTarget "FitView-IOSTests" */ = {
			isa = XCConfigurationList;
			buildConfigurations = (
				653B6D782EFAC4E1001FBE43 /* Debug */,
				653B6D792EFAC4E1001FBE43 /* Release */,
			);
			defaultConfigurationIsVisible = 0;
			defaultConfigurationName = Release;
		};
		653B6D7A2EFAC4E1001FBE43 /* Build configuration list for PBXNativeTarget "FitView-IOSUITests" */ = {
			isa = XCConfigurationList;
			buildConfigurations = (
				653B6D7B2EFAC4E1001FBE43 /* Debug */,
				653B6D7C2EFAC4E1001FBE43 /* Release */,
			);
			defaultConfigurationIsVisible = 0;
			defaultConfigurationName = Release;
		};
/* End XCConfigurationList section */
	};
	rootObject = 653B6D4B2EFAC4E0001FBE43 /* Project object */;
}
